
Microsoft Visual Studio Solution File, Format Version 12.00
# Visual Studio Version 17
VisualStudioVersion = 17.11.35327.3
MinimumVisualStudioVersion = 10.0.40219.1
Project("{FAE04EC0-301F-11D3-BF4B-00C04F79EFBC}") = "NovikovaNastya_lab5", "NovikovaNastya_lab5\NovikovaNastya_lab5.csproj", "{E5D2BD66-D6D3-40FD-9E16-37FDE6020C01}"
EndProject
Project("{FAE04EC0-301F-11D3-BF4B-00C04F79EFBC}") = "NovikovaNastya5", "NovikovaNastya5\NovikovaNastya5.csproj", "{6AC387A0-FC4F-433C-91FE-991341E0A09D}"
EndProject
Global
	GlobalSection(SolutionConfigurationPlatforms) = preSolution
		Debug|Any CPU = Debug|Any CPU
		Release|Any CPU = Release|Any CPU
	EndGlobalSection
	GlobalSection(ProjectConfigurationPlatforms) = postSolution
		{E5D2BD66-D6D3-40FD-9E16-37FDE6020C01}.Debug|Any CPU.ActiveCfg = Debug|Any CPU
		{E5D2BD66-D6D3-40FD-9E16-37FDE6020C01}.Debug|Any CPU.Build.0 = Debug|Any CPU
		{E5D2BD66-D6D3-40FD-9E16-37FDE6020C01}.Release|Any CPU.ActiveCfg = Release|Any CPU
		{E5D2BD66-D6D3-40FD-9E16-37FDE6020C01}.Release|Any CPU.Build.0 = Release|Any CPU
		{6AC387A0-FC4F-433C-91FE-991341E0A09D}.Debug|Any CPU.ActiveCfg = Debug|Any CPU
		{6AC387A0-FC4F-433C-91FE-991341E0A09D}.Debug|Any CPU.Build.0 = Debug|Any CPU
		{6AC387A0-FC4F-433C-91FE-991341E0A09D}.Release|Any CPU.ActiveCfg = Release|Any CPU
		{6AC387A0-FC4F-433C-91FE-991341E0A09D}.Release|Any CPU.Build.0 = Release|Any CPU
	EndGlobalSection
	GlobalSection(SolutionProperties) = preSolution
		HideSolutionNode = FALSE
	EndGlobalSection
	GlobalSection(ExtensibilityGlobals) = postSolution
		SolutionGuid = {6D14A901-B3EC-4809-825F-82CE708E52AD}
	EndGlobalSection
EndGlobal
